// !$*UTF8*$!
{
	archiveVersion = 1;
	classes = {
	};
	objectVersion = 50;
	objects = {

/* Begin PBXBuildFile section */
		055A93C121E1064D00A1F993 /* README.md in Resources */ = {isa = PBXBuildFile; fileRef = 055A93C021E1064D00A1F993 /* README.md */; };
		05834F4D21E0F8A600176041 /* AppDelegate.swift in Sources */ = {isa = PBXBuildFile; fileRef = 05834F4C21E0F8A600176041 /* AppDelegate.swift */; };
		05834F4F21E0F8A600176041 /* ViewController.swift in Sources */ = {isa = PBXBuildFile; fileRef = 05834F4E21E0F8A600176041 /* ViewController.swift */; };
		05834F5221E0F8A600176041 /* Main.storyboard in Resources */ = {isa = PBXBuildFile; fileRef = 05834F5021E0F8A600176041 /* Main.storyboard */; };
		05834F5421E0F8A700176041 /* Assets.xcassets in Resources */ = {isa = PBXBuildFile; fileRef = 05834F5321E0F8A700176041 /* Assets.xcassets */; };
		05834F5721E0F8A700176041 /* LaunchScreen.storyboard in Resources */ = {isa = PBXBuildFile; fileRef = 05834F5521E0F8A700176041 /* LaunchScreen.storyboard */; };
		05834F6021E0F8F800176041 /* UISaintSlider.swift in Sources */ = {isa = PBXBuildFile; fileRef = 05834F5F21E0F8F800176041 /* UISaintSlider.swift */; };
		05834F6221E0F9FA00176041 /* UIImage+OverlayColor.swift in Sources */ = {isa = PBXBuildFile; fileRef = 05834F6121E0F9FA00176041 /* UIImage+OverlayColor.swift */; };
/* End PBXBuildFile section */

/* Begin PBXFileReference section */
		055A93C021E1064D00A1F993 /* README.md */ = {isa = PBXFileReference; fileEncoding = 4; lastKnownFileType = net.daringfireball.markdown; path = README.md; sourceTree = SOURCE_ROOT; };
		05834F4921E0F8A600176041 /* UISaintSlider.app */ = {isa = PBXFileReference; explicitFileType = wrapper.application; includeInIndex = 0; path = UISaintSlider.app; sourceTree = BUILT_PRODUCTS_DIR; };
		05834F4C21E0F8A600176041 /* AppDelegate.swift */ = {isa = PBXFileReference; lastKnownFileType = sourcecode.swift; path = AppDelegate.swift; sourceTree = "<group>"; };
		05834F4E21E0F8A600176041 /* ViewController.swift */ = {isa = PBXFileReference; lastKnownFileType = sourcecode.swift; path = ViewController.swift; sourceTree = "<group>"; };
		05834F5121E0F8A600176041 /* Base */ = {isa = PBXFileReference; lastKnownFileType = file.storyboard; name = Base; path = Base.lproj/Main.storyboard; sourceTree = "<group>"; };
		05834F5321E0F8A700176041 /* Assets.xcassets */ = {isa = PBXFileReference; lastKnownFileType = folder.assetcatalog; path = Assets.xcassets; sourceTree = "<group>"; };
		05834F5621E0F8A700176041 /* Base */ = {isa = PBXFileReference; lastKnownFileType = file.storyboard; name = Base; path = Base.lproj/LaunchScreen.storyboard; sourceTree = "<group>"; };
		05834F5821E0F8A700176041 /* Info.plist */ = {isa = PBXFileReference; lastKnownFileType = text.plist.xml; path = Info.plist; sourceTree = "<group>"; };
		05834F5F21E0F8F800176041 /* UISaintSlider.swift */ = {isa = PBXFileReference; lastKnownFileType = sourcecode.swift; path = UISaintSlider.swift; sourceTree = "<group>"; };
		05834F6121E0F9FA00176041 /* UIImage+OverlayColor.swift */ = {isa = PBXFileReference; lastKnownFileType = sourcecode.swift; path = "UIImage+OverlayColor.swift"; sourceTree = "<group>"; };
		059CE8CB21E14E7F0034DAD5 /* .travis.yml */ = {isa = PBXFileReference; lastKnownFileType = text; path = .travis.yml; sourceTree = SOURCE_ROOT; };
/* End PBXFileReference section */

/* Begin PBXFrameworksBuildPhase section */
		05834F4621E0F8A600176041 /* Frameworks */ = {
			isa = PBXFrameworksBuildPhase;
			buildActionMask = 2147483647;
			files = (
			);
			runOnlyForDeploymentPostprocessing = 0;
		};
/* End PBXFrameworksBuildPhase section */

/* Begin PBXGroup section */
		05834F4021E0F8A600176041 = {
			isa = PBXGroup;
			children = (
				05834F4B21E0F8A600176041 /* UISaintSlider */,
				05834F4A21E0F8A600176041 /* Products */,
			);
			sourceTree = "<group>";
		};
		05834F4A21E0F8A600176041 /* Products */ = {
			isa = PBXGroup;
			children = (
				05834F4921E0F8A600176041 /* UISaintSlider.app */,
			);
			name = Products;
			sourceTree = "<group>";
		};
		05834F4B21E0F8A600176041 /* UISaintSlider */ = {
			isa = PBXGroup;
			children = (
				05834F6521E0FA5900176041 /* Core */,
				05834F4C21E0F8A600176041 /* AppDelegate.swift */,
				05834F4E21E0F8A600176041 /* ViewController.swift */,
				05834F5021E0F8A600176041 /* Main.storyboard */,
				05834F5321E0F8A700176041 /* Assets.xcassets */,
				05834F5521E0F8A700176041 /* LaunchScreen.storyboard */,
				05834F5821E0F8A700176041 /* Info.plist */,
				055A93C021E1064D00A1F993 /* README.md */,
				059CE8CB21E14E7F0034DAD5 /* .travis.yml */,
			);
			path = UISaintSlider;
			sourceTree = "<group>";
		};
		05834F6321E0FA0100176041 /* Slider */ = {
			isa = PBXGroup;
			children = (
				05834F5F21E0F8F800176041 /* UISaintSlider.swift */,
			);
			path = Slider;
			sourceTree = "<group>";
		};
		05834F6421E0FA2500176041 /* Extensions */ = {
			isa = PBXGroup;
			children = (
				05834F6121E0F9FA00176041 /* UIImage+OverlayColor.swift */,
			);
			path = Extensions;
			sourceTree = "<group>";
		};
		05834F6521E0FA5900176041 /* Core */ = {
			isa = PBXGroup;
			children = (
				05834F6321E0FA0100176041 /* Slider */,
				05834F6421E0FA2500176041 /* Extensions */,
			);
			path = Core;
			sourceTree = "<group>";
		};
/* End PBXGroup section */

/* Begin PBXNativeTarget section */
		05834F4821E0F8A600176041 /* UISaintSlider */ = {
			isa = PBXNativeTarget;
			buildConfigurationList = 05834F5B21E0F8A700176041 /* Build configuration list for PBXNativeTarget "UISaintSlider" */;
			buildPhases = (
				05834F4521E0F8A600176041 /* Sources */,
				05834F4621E0F8A600176041 /* Frameworks */,
				05834F4721E0F8A600176041 /* Resources */,
			);
			buildRules = (
			);
			dependencies = (
			);
			name = UISaintSlider;
			productName = UISaintSlider;
			productReference = 05834F4921E0F8A600176041 /* UISaintSlider.app */;
			productType = "com.apple.product-type.application";
		};
/* End PBXNativeTarget section */

/* Begin PBXProject section */
		05834F4121E0F8A600176041 /* Project object */ = {
			isa = PBXProject;
			attributes = {
				LastSwiftUpdateCheck = 1010;
				LastUpgradeCheck = 1010;
				ORGANIZATIONNAME = "Lampros Giampouras";
				TargetAttributes = {
					05834F4821E0F8A600176041 = {
						CreatedOnToolsVersion = 10.1;
					};
				};
			};
			buildConfigurationList = 05834F4421E0F8A600176041 /* Build configuration list for PBXProject "UISaintSlider" */;
			compatibilityVersion = "Xcode 9.3";
			developmentRegion = en;
			hasScannedForEncodings = 0;
			knownRegions = (
				en,
				Base,
			);
			mainGroup = 05834F4021E0F8A600176041;
			productRefGroup = 05834F4A21E0F8A600176041 /* Products */;
			projectDirPath = "";
			projectRoot = "";
			targets = (
				05834F4821E0F8A600176041 /* UISaintSlider */,
			);
		};
/* End PBXProject section */

/* Begin PBXResourcesBuildPhase section */
		05834F4721E0F8A600176041 /* Resources */ = {
			isa = PBXResourcesBuildPhase;
			buildActionMask = 2147483647;
			files = (
				05834F5721E0F8A700176041 /* LaunchScreen.storyboard in Resources */,
				05834F5421E0F8A700176041 /* Assets.xcassets in Resources */,
				055A93C121E1064D00A1F993 /* README.md in Resources */,
				05834F5221E0F8A600176041 /* Main.storyboard in Resources */,
			);
			runOnlyForDeploymentPostprocessing = 0;
		};
/* End PBXResourcesBuildPhase section */

/* Begin PBXSourcesBuildPhase section */
		05834F4521E0F8A600176041 /* Sources */ = {
			isa = PBXSourcesBuildPhase;
			buildActionMask = 2147483647;
			files = (
				05834F6021E0F8F800176041 /* UISaintSlider.swift in Sources */,
				05834F4F21E0F8A600176041 /* ViewController.swift in Sources */,
				05834F6221E0F9FA00176041 /* UIImage+OverlayColor.swift in Sources */,
				05834F4D21E0F8A600176041 /* AppDelegate.swift in Sources */,
			);
			runOnlyForDeploymentPostprocessing = 0;
		};
/* End PBXSourcesBuildPhase section */

/* Begin PBXVariantGroup section */
		05834F5021E0F8A600176041 /* Main.storyboard */ = {
			isa = PBXVariantGroup;
			children = (
				05834F5121E0F8A600176041 /* Base */,
			);
			name = Main.storyboard;
			sourceTree = "<group>";
		};
		05834F5521E0F8A700176041 /* LaunchScreen.storyboard */ = {
			isa = PBXVariantGroup;
			children = (
				05834F5621E0F8A700176041 /* Base */,
			);
			name = LaunchScreen.storyboard;
			sourceTree = "<group>";
		};
/* End PBXVariantGroup section */

/* Begin XCBuildConfiguration section */
		05834F5921E0F8A700176041 /* Debug */ = {
			isa = XCBuildConfiguration;
			buildSettings = {
				ALWAYS_SEARCH_USER_PATHS = NO;
				CLANG_ANALYZER_NONNULL = YES;
				CLANG_ANALYZER_NUMBER_OBJECT_CONVERSION = YES_AGGRESSIVE;
				CLANG_CXX_LANGUAGE_STANDARD = "gnu++14";
				CLANG_CXX_LIBRARY = "libc++";
				CLANG_ENABLE_MODULES = YES;
				CLANG_ENABLE_OBJC_ARC = YES;
				CLANG_ENABLE_OBJC_WEAK = YES;
				CLANG_WARN_BLOCK_CAPTURE_AUTORELEASING = YES;
				CLANG_WARN_BOOL_CONVERSION = YES;
				CLANG_WARN_COMMA = YES;
				CLANG_WARN_CONSTANT_CONVERSION = YES;
				CLANG_WARN_DEPRECATED_OBJC_IMPLEMENTATIONS = YES;
				CLANG_WARN_DIRECT_OBJC_ISA_USAGE = YES_ERROR;
				CLANG_WARN_DOCUMENTATION_COMMENTS = YES;
				CLANG_WARN_EMPTY_BODY = YES;
				CLANG_WARN_ENUM_CONVERSION = YES;
				CLANG_WARN_INFINITE_RECURSION = YES;
				CLANG_WARN_INT_CONVERSION = YES;
				CLANG_WARN_NON_LITERAL_NULL_CONVERSION = YES;
				CLANG_WARN_OBJC_IMPLICIT_RETAIN_SELF = YES;
				CLANG_WARN_OBJC_LITERAL_CONVERSION = YES;
				CLANG_WARN_OBJC_ROOT_CLASS = YES_ERROR;
				CLANG_WARN_RANGE_LOOP_ANALYSIS = YES;
				CLANG_WARN_STRICT_PROTOTYPES = YES;
				CLANG_WARN_SUSPICIOUS_MOVE = YES;
				CLANG_WARN_UNGUARDED_AVAILABILITY = YES_AGGRESSIVE;
				CLANG_WARN_UNREACHABLE_CODE = YES;
				CLANG_WARN__DUPLICATE_METHOD_MATCH = YES;
				CODE_SIGN_IDENTITY = "iPhone Developer";
				COPY_PHASE_STRIP = NO;
				DEBUG_INFORMATION_FORMAT = dwarf;
				ENABLE_STRICT_OBJC_MSGSEND = YES;
				ENABLE_TESTABILITY = YES;
				GCC_C_LANGUAGE_STANDARD = gnu11;
				GCC_DYNAMIC_NO_PIC = NO;
				GCC_NO_COMMON_BLOCKS = YES;
				GCC_OPTIMIZATION_LEVEL = 0;
				GCC_PREPROCESSOR_DEFINITIONS = (
					"DEBUG=1",
					"$(inherited)",
				);
				GCC_WARN_64_TO_32_BIT_CONVERSION = YES;
				GCC_WARN_ABOUT_RETURN_TYPE = YES_ERROR;
				GCC_WARN_UNDECLARED_SELECTOR = YES;
				GCC_WARN_UNINITIALIZED_AUTOS = YES_AGGRESSIVE;
				GCC_WARN_UNUSED_FUNCTION = YES;
				GCC_WARN_UNUSED_VARIABLE = YES;
				IPHONEOS_DEPLOYMENT_TARGET = 12.1;
				MTL_ENABLE_DEBUG_INFO = INCLUDE_SOURCE;
				MTL_FAST_MATH = YES;
				ONLY_ACTIVE_ARCH = YES;
				SDKROOT = iphoneos;
				SWIFT_ACTIVE_COMPILATION_CONDITIONS = DEBUG;
				SWIFT_OPTIMIZATION_LEVEL = "-Onone";
			};
			name = Debug;
		};
		05834F5A21E0F8A700176041 /* Release */ = {
			isa = XCBuildConfiguration;
			buildSettings = {
				ALWAYS_SEARCH_USER_PATHS = NO;
				CLANG_ANALYZER_NONNULL = YES;
				CLANG_ANALYZER_NUMBER_OBJECT_CONVERSION = YES_AGGRESSIVE;
				CLANG_CXX_LANGUAGE_STANDARD = "gnu++14";
				CLANG_CXX_LIBRARY = "libc++";
				CLANG_ENABLE_MODULES = YES;
				CLANG_ENABLE_OBJC_ARC = YES;
				CLANG_ENABLE_OBJC_WEAK = YES;
				CLANG_WARN_BLOCK_CAPTURE_AUTORELEASING = YES;
				CLANG_WARN_BOOL_CONVERSION = YES;
				CLANG_WARN_COMMA = YES;
				CLANG_WARN_CONSTANT_CONVERSION = YES;
				CLANG_WARN_DEPRECATED_OBJC_IMPLEMENTATIONS = YES;
				CLANG_WARN_DIRECT_OBJC_ISA_USAGE = YES_ERROR;
				CLANG_WARN_DOCUMENTATION_COMMENTS = YES;
				CLANG_WARN_EMPTY_BODY = YES;
				CLANG_WARN_ENUM_CONVERSION = YES;
				CLANG_WARN_INFINITE_RECURSION = YES;
				CLANG_WARN_INT_CONVERSION = YES;
				CLANG_WARN_NON_LITERAL_NULL_CONVERSION = YES;
				CLANG_WARN_OBJC_IMPLICIT_RETAIN_SELF = YES;
				CLANG_WARN_OBJC_LITERAL_CONVERSION = YES;
				CLANG_WARN_OBJC_ROOT_CLASS = YES_ERROR;
				CLANG_WARN_RANGE_LOOP_ANALYSIS = YES;
				CLANG_WARN_STRICT_PROTOTYPES = YES;
				CLANG_WARN_SUSPICIOUS_MOVE = YES;
				CLANG_WARN_UNGUARDED_AVAILABILITY = YES_AGGRESSIVE;
				CLANG_WARN_UNREACHABLE_CODE = YES;
				CLANG_WARN__DUPLICATE_METHOD_MATCH = YES;
				CODE_SIGN_IDENTITY = "iPhone Developer";
				COPY_PHASE_STRIP = NO;
				DEBUG_INFORMATION_FORMAT = "dwarf-with-dsym";
				ENABLE_NS_ASSERTIONS = NO;
				ENABLE_STRICT_OBJC_MSGSEND = YES;
				GCC_C_LANGUAGE_STANDARD = gnu11;
				GCC_NO_COMMON_BLOCKS = YES;
				GCC_WARN_64_TO_32_BIT_CONVERSION = YES;
				GCC_WARN_ABOUT_RETURN_TYPE = YES_ERROR;
				GCC_WARN_UNDECLARED_SELECTOR = YES;
				GCC_WARN_UNINITIALIZED_AUTOS = YES_AGGRESSIVE;
				GCC_WARN_UNUSED_FUNCTION = YES;
				GCC_WARN_UNUSED_VARIABLE = YES;
				IPHONEOS_DEPLOYMENT_TARGET = 12.1;
				MTL_ENABLE_DEBUG_INFO = NO;
				MTL_FAST_MATH = YES;
				SDKROOT = iphoneos;
				SWIFT_COMPILATION_MODE = wholemodule;
				SWIFT_OPTIMIZATION_LEVEL = "-O";
				VALIDATE_PRODUCT = YES;
			};
			name = Release;
		};
		05834F5C21E0F8A700176041 /* Debug */ = {
			isa = XCBuildConfiguration;
			buildSettings = {
				ASSETCATALOG_COMPILER_APPICON_NAME = AppIcon;
				CODE_SIGN_STYLE = Automatic;
				DEVELOPMENT_TEAM = DSUPJVUE4V;
				INFOPLIST_FILE = UISaintSlider/Info.plist;
				LD_RUNPATH_SEARCH_PATHS = (
					"$(inherited)",
					"@executable_path/Frameworks",
				);
				PRODUCT_BUNDLE_IDENTIFIER = com.github.UISaintSlider;
				PRODUCT_NAME = "$(TARGET_NAME)";
				SWIFT_VERSION = 4.2;
				TARGETED_DEVICE_FAMILY = "1,2";
			};
			name = Debug;
		};
		05834F5D21E0F8A700176041 /* Release */ = {
			isa = XCBuildConfiguration;
			buildSettings = {
				ASSETCATALOG_COMPILER_APPICON_NAME = AppIcon;
				CODE_SIGN_STYLE = Automatic;
				DEVELOPMENT_TEAM = DSUPJVUE4V;
				INFOPLIST_FILE = UISaintSlider/Info.plist;
				LD_RUNPATH_SEARCH_PATHS = (
					"$(inherited)",
					"@executable_path/Frameworks",
				);
				PRODUCT_BUNDLE_IDENTIFIER = com.github.UISaintSlider;
				PRODUCT_NAME = "$(TARGET_NAME)";
				SWIFT_VERSION = 4.2;
				TARGETED_DEVICE_FAMILY = "1,2";
			};
			name = Release;
		};
/* End XCBuildConfiguration section */

/* Begin XCConfigurationList section */
		05834F4421E0F8A600176041 /* Build configuration list for PBXProject "UISaintSlider" */ = {
			isa = XCConfigurationList;
			buildConfigurations = (
				05834F5921E0F8A700176041 /* Debug */,
				05834F5A21E0F8A700176041 /* Release */,
			);
			defaultConfigurationIsVisible = 0;
			defaultConfigurationName = Release;
		};
		05834F5B21E0F8A700176041 /* Build configuration list for PBXNativeTarget "UISaintSlider" */ = {
			isa = XCConfigurationList;
			buildConfigurations = (
				05834F5C21E0F8A700176041 /* Debug */,
				05834F5D21E0F8A700176041 /* Release */,
			);
			defaultConfigurationIsVisible = 0;
			defaultConfigurationName = Release;
		};
/* End XCConfigurationList section */
	};
	rootObject = 05834F4121E0F8A600176041 /* Project object */;
}
